
Microsoft Visual Studio Solution File, Format Version 12.00
# Visual Studio Version 16
VisualStudioVersion = 16.0.30114.105
MinimumVisualStudioVersion = 10.0.40219.1
Project("{FAE04EC0-301F-11D3-BF4B-00C04F79EFBC}") = "NetworkingTestProject", "NetworkingTestProject\NetworkingTestProject.csproj", "{B0D5B342-4DFF-4210-AB8E-5F9A67716846}"
EndProject
Project("{FAE04EC0-301F-11D3-BF4B-00C04F79EFBC}") = "ServerApplication", "ServerApplication\ServerApplication.csproj", "{CD9BA76C-3AC2-472A-9692-0086E6451214}"
EndProject
Project("{FAE04EC0-301F-11D3-BF4B-00C04F79EFBC}") = "NetworkingTestProjectLibrary", "NetworkingTestProjectLibrary\NetworkingTestProjectLibrary.csproj", "{D602EC79-B70B-4527-9BEF-415782961D2F}"
EndProject
Global
	GlobalSection(SolutionConfigurationPlatforms) = preSolution
		Debug|Any CPU = Debug|Any CPU
		Debug|x86 = Debug|x86
		Release|Any CPU = Release|Any CPU
		Release|x86 = Release|x86
	EndGlobalSection
	GlobalSection(ProjectConfigurationPlatforms) = postSolution
		{B0D5B342-4DFF-4210-AB8E-5F9A67716846}.Debug|Any CPU.ActiveCfg = Debug|x86
		{B0D5B342-4DFF-4210-AB8E-5F9A67716846}.Debug|x86.ActiveCfg = Debug|x86
		{B0D5B342-4DFF-4210-AB8E-5F9A67716846}.Debug|x86.Build.0 = Debug|x86
		{B0D5B342-4DFF-4210-AB8E-5F9A67716846}.Release|Any CPU.ActiveCfg = Release|x86
		{B0D5B342-4DFF-4210-AB8E-5F9A67716846}.Release|x86.ActiveCfg = Release|x86
		{B0D5B342-4DFF-4210-AB8E-5F9A67716846}.Release|x86.Build.0 = Release|x86
		{CD9BA76C-3AC2-472A-9692-0086E6451214}.Debug|Any CPU.ActiveCfg = Debug|Any CPU
		{CD9BA76C-3AC2-472A-9692-0086E6451214}.Debug|Any CPU.Build.0 = Debug|Any CPU
		{CD9BA76C-3AC2-472A-9692-0086E6451214}.Debug|x86.ActiveCfg = Debug|Any CPU
		{CD9BA76C-3AC2-472A-9692-0086E6451214}.Debug|x86.Build.0 = Debug|Any CPU
		{CD9BA76C-3AC2-472A-9692-0086E6451214}.Release|Any CPU.ActiveCfg = Release|Any CPU
		{CD9BA76C-3AC2-472A-9692-0086E6451214}.Release|Any CPU.Build.0 = Release|Any CPU
		{CD9BA76C-3AC2-472A-9692-0086E6451214}.Release|x86.ActiveCfg = Release|Any CPU
		{CD9BA76C-3AC2-472A-9692-0086E6451214}.Release|x86.Build.0 = Release|Any CPU
		{D602EC79-B70B-4527-9BEF-415782961D2F}.Debug|Any CPU.ActiveCfg = Debug|Any CPU
		{D602EC79-B70B-4527-9BEF-415782961D2F}.Debug|Any CPU.Build.0 = Debug|Any CPU
		{D602EC79-B70B-4527-9BEF-415782961D2F}.Debug|x86.ActiveCfg = Debug|Any CPU
		{D602EC79-B70B-4527-9BEF-415782961D2F}.Debug|x86.Build.0 = Debug|Any CPU
		{D602EC79-B70B-4527-9BEF-415782961D2F}.Release|Any CPU.ActiveCfg = Release|Any CPU
		{D602EC79-B70B-4527-9BEF-415782961D2F}.Release|Any CPU.Build.0 = Release|Any CPU
		{D602EC79-B70B-4527-9BEF-415782961D2F}.Release|x86.ActiveCfg = Release|Any CPU
		{D602EC79-B70B-4527-9BEF-415782961D2F}.Release|x86.Build.0 = Release|Any CPU
	EndGlobalSection
	GlobalSection(SolutionProperties) = preSolution
		HideSolutionNode = FALSE
	EndGlobalSection
	GlobalSection(ExtensibilityGlobals) = postSolution
		SolutionGuid = {BF975E01-1DE8-423C-BF0A-86552A728C37}
	EndGlobalSection
EndGlobal
